
Microsoft Visual Studio Solution File, Format Version 12.00
# Visual Studio Version 16
VisualStudioVersion = 16.0.31112.23
MinimumVisualStudioVersion = 10.0.40219.1
Project("{FAE04EC0-301F-11D3-BF4B-00C04F79EFBC}") = "RepositoryUsingEFinMVC", "RepositoryUsingEFinMVC\RepositoryUsingEFinMVC.csproj", "{078368B4-EA65-412E-88F1-C700409E8C42}"
EndProject
Project("{2150E333-8FDC-42A3-9474-1A3956D46DE8}") = "DBScripts", "DBScripts", "{1FA81186-6C1B-4062-949B-6AD4EA015839}"
	ProjectSection(SolutionItems) = preProject
		Initial Database.sql = Initial Database.sql
	EndProjectSection
EndProject
Global
	GlobalSection(SolutionConfigurationPlatforms) = preSolution
		Debug|Any CPU = Debug|Any CPU
		Release|Any CPU = Release|Any CPU
	EndGlobalSection
	GlobalSection(ProjectConfigurationPlatforms) = postSolution
		{078368B4-EA65-412E-88F1-C700409E8C42}.Debug|Any CPU.ActiveCfg = Debug|Any CPU
		{078368B4-EA65-412E-88F1-C700409E8C42}.Debug|Any CPU.Build.0 = Debug|Any CPU
		{078368B4-EA65-412E-88F1-C700409E8C42}.Release|Any CPU.ActiveCfg = Release|Any CPU
		{078368B4-EA65-412E-88F1-C700409E8C42}.Release|Any CPU.Build.0 = Release|Any CPU
	EndGlobalSection
	GlobalSection(SolutionProperties) = preSolution
		HideSolutionNode = FALSE
	EndGlobalSection
	GlobalSection(ExtensibilityGlobals) = postSolution
		SolutionGuid = {2AAA98B2-4E3F-4395-9425-11D257B3A923}
	EndGlobalSection
EndGlobal
